
Microsoft Visual Studio Solution File, Format Version 12.00
# Visual Studio Version 17
VisualStudioVersion = 17.0.31903.59
MinimumVisualStudioVersion = 10.0.40219.1
Project("{FAE04EC0-301F-11D3-BF4B-00C04F79EFBC}") = "estacionamento_dapper", "estacionamento\estacionamento_dapper.csproj", "{51C26B21-73BA-4B77-B7DA-B988CC0E5AB3}"
EndProject
Project("{FAE04EC0-301F-11D3-BF4B-00C04F79EFBC}") = "testes", "testes\testes.csproj", "{5D7B61C1-5FE1-4D2B-9E09-4D407D161654}"
EndProject
Global
	GlobalSection(SolutionConfigurationPlatforms) = preSolution
		Debug|Any CPU = Debug|Any CPU
		Release|Any CPU = Release|Any CPU
	EndGlobalSection
	GlobalSection(SolutionProperties) = preSolution
		HideSolutionNode = FALSE
	EndGlobalSection
	GlobalSection(ProjectConfigurationPlatforms) = postSolution
		{51C26B21-73BA-4B77-B7DA-B988CC0E5AB3}.Debug|Any CPU.ActiveCfg = Debug|Any CPU
		{51C26B21-73BA-4B77-B7DA-B988CC0E5AB3}.Debug|Any CPU.Build.0 = Debug|Any CPU
		{51C26B21-73BA-4B77-B7DA-B988CC0E5AB3}.Release|Any CPU.ActiveCfg = Release|Any CPU
		{51C26B21-73BA-4B77-B7DA-B988CC0E5AB3}.Release|Any CPU.Build.0 = Release|Any CPU
		{5D7B61C1-5FE1-4D2B-9E09-4D407D161654}.Debug|Any CPU.ActiveCfg = Debug|Any CPU
		{5D7B61C1-5FE1-4D2B-9E09-4D407D161654}.Debug|Any CPU.Build.0 = Debug|Any CPU
		{5D7B61C1-5FE1-4D2B-9E09-4D407D161654}.Release|Any CPU.ActiveCfg = Release|Any CPU
		{5D7B61C1-5FE1-4D2B-9E09-4D407D161654}.Release|Any CPU.Build.0 = Release|Any CPU
	EndGlobalSection
EndGlobal
