
Microsoft Visual Studio Solution File, Format Version 12.00
# Visual Studio Version 17
VisualStudioVersion = 17.5.002.0
MinimumVisualStudioVersion = 10.0.40219.1
Project("{9A19103F-16F7-4668-BE54-9A1E7A4F7556}") = "estacionamento_dapper", "estacionamento_dapper.csproj", "{8A35CD93-1E91-424B-A385-A108F2E7548A}"
EndProject
Global
	GlobalSection(SolutionConfigurationPlatforms) = preSolution
		Debug|Any CPU = Debug|Any CPU
		Release|Any CPU = Release|Any CPU
	EndGlobalSection
	GlobalSection(ProjectConfigurationPlatforms) = postSolution
		{8A35CD93-1E91-424B-A385-A108F2E7548A}.Debug|Any CPU.ActiveCfg = Debug|Any CPU
		{8A35CD93-1E91-424B-A385-A108F2E7548A}.Debug|Any CPU.Build.0 = Debug|Any CPU
		{8A35CD93-1E91-424B-A385-A108F2E7548A}.Release|Any CPU.ActiveCfg = Release|Any CPU
		{8A35CD93-1E91-424B-A385-A108F2E7548A}.Release|Any CPU.Build.0 = Release|Any CPU
	EndGlobalSection
	GlobalSection(SolutionProperties) = preSolution
		HideSolutionNode = FALSE
	EndGlobalSection
	GlobalSection(ExtensibilityGlobals) = postSolution
		SolutionGuid = {53DED222-FDE0-480B-A8F5-F37058DCC190}
	EndGlobalSection
EndGlobal
